
Microsoft Visual Studio Solution File, Format Version 12.00
# Visual Studio Version 17
VisualStudioVersion = 17.11.35312.102
MinimumVisualStudioVersion = 10.0.40219.1
Project("{FAE04EC0-301F-11D3-BF4B-00C04F79EFBC}") = "metjodoverloadingassessment4", "metjodoverloadingassessment4.csproj", "{2918735C-9DFB-499C-9BA6-3F8CFD791604}"
EndProject
Global
	GlobalSection(SolutionConfigurationPlatforms) = preSolution
		Debug|Any CPU = Debug|Any CPU
		Release|Any CPU = Release|Any CPU
	EndGlobalSection
	GlobalSection(ProjectConfigurationPlatforms) = postSolution
		{2918735C-9DFB-499C-9BA6-3F8CFD791604}.Debug|Any CPU.ActiveCfg = Debug|Any CPU
		{2918735C-9DFB-499C-9BA6-3F8CFD791604}.Debug|Any CPU.Build.0 = Debug|Any CPU
		{2918735C-9DFB-499C-9BA6-3F8CFD791604}.Release|Any CPU.ActiveCfg = Release|Any CPU
		{2918735C-9DFB-499C-9BA6-3F8CFD791604}.Release|Any CPU.Build.0 = Release|Any CPU
	EndGlobalSection
	GlobalSection(SolutionProperties) = preSolution
		HideSolutionNode = FALSE
	EndGlobalSection
	GlobalSection(ExtensibilityGlobals) = postSolution
		SolutionGuid = {DD2338DB-D93D-4AA9-9E72-C3A3C0C78C21}
	EndGlobalSection
EndGlobal
